
Microsoft Visual Studio Solution File, Format Version 12.00
# Visual Studio 14
VisualStudioVersion = 14.0.24720.0
MinimumVisualStudioVersion = 10.0.40219.1
Project("{FAE04EC0-301F-11D3-BF4B-00C04F79EFBC}") = "MainApplication", "MainApplication.csproj", "{4B5F4A1B-5733-4BBF-B253-4C3EEB2552AE}"
EndProject
Project("{F2A71F9B-5D33-465A-A702-920D77279786}") = "GameLogic", "GameLogic\GameLogic.fsproj", "{401A2936-583D-4645-BE45-56C88FD42B49}"
EndProject
Global
	GlobalSection(SolutionConfigurationPlatforms) = preSolution
		Debug|Any CPU = Debug|Any CPU
		Release|Any CPU = Release|Any CPU
	EndGlobalSection
	GlobalSection(ProjectConfigurationPlatforms) = postSolution
		{4B5F4A1B-5733-4BBF-B253-4C3EEB2552AE}.Debug|Any CPU.ActiveCfg = Debug|Any CPU
		{4B5F4A1B-5733-4BBF-B253-4C3EEB2552AE}.Debug|Any CPU.Build.0 = Debug|Any CPU
		{4B5F4A1B-5733-4BBF-B253-4C3EEB2552AE}.Release|Any CPU.ActiveCfg = Release|Any CPU
		{4B5F4A1B-5733-4BBF-B253-4C3EEB2552AE}.Release|Any CPU.Build.0 = Release|Any CPU
		{401A2936-583D-4645-BE45-56C88FD42B49}.Debug|Any CPU.ActiveCfg = Debug|Any CPU
		{401A2936-583D-4645-BE45-56C88FD42B49}.Debug|Any CPU.Build.0 = Debug|Any CPU
		{401A2936-583D-4645-BE45-56C88FD42B49}.Release|Any CPU.ActiveCfg = Release|Any CPU
		{401A2936-583D-4645-BE45-56C88FD42B49}.Release|Any CPU.Build.0 = Release|Any CPU
	EndGlobalSection
	GlobalSection(SolutionProperties) = preSolution
		HideSolutionNode = FALSE
	EndGlobalSection
EndGlobal
